github.com/FastFilter/xorfilter v0.1.4 h1:TyPffdP4WcXwV02SUOvYlN3l86/tIfRXm+ccul5eT0I=
github.com/FastFilter/xorfilter v0.1.4/go.mod h1:RB6+tbWbRN163V4y7z10tNfZec6n1oTsOElP0Tu5hzU=
github.com/davecgh/go-spew v1.1.0/go.mod h1:J7Y8YcW2NihsgmVo/mv3lAwl/skON4iLHjSsI+c5H38=
github.com/dgryski/go-metro v0.0.0-20211217172704-adc40b04c140 h1:y7y0Oa6UawqTFPCDw9JG6pdKt4F9pAhHv0B7FMGaGD0=
github.com/dgryski/go-metro v0.0.0-20211217172704-adc40b04c140/go.mod h1:c9O8+fpSOX1DM8cPNSkX/qsBWdkD4yd2dpciOWQjpBw=
github.com/fastly/compute-sdk-go v1.0.0 h1:uURhhPXAvX5hbkPIbfJQ/lZTxtHuL/Y0dyN9nMnV9Zk=
github.com/fastly/compute-sdk-go v1.0.0/go.mod h1:FkuTq3OC+czAQOonII04YhiVjfBtMXOuv3hiHjXjHlE=
github.com/pmezard/go-difflib v1.0.0/go.mod h1:iKH77koFhYxTK1pcRnkKkqfTogsbg7gZNVY4sRDYZ/4=
github.com/stretchr/objx v0.1.0/go.mod h1:HFkY916IF+rwdDfMAkV7OtwuqBVzrE8GR6GFx+wExME=
github.com/stretchr/testify v1.7.0/go.mod h1:6Fq8oRcR53rry900zMqJjRRixrwX3KX962/h/Wwjteg=
gopkg.in/check.v1 v0.0.0-20161208181325-20d25e280405/go.mod h1:Co6ibVJAznAaIkqp8huTwlJQCZ016jof/cbN4VW5Yz0=
gopkg.in/yaml.v3 v3.0.0-20200313102051-9f266ea9e77c/go.mod h1:K4uyk7z7BCEPqu6E+C64Yfv1cQ7kz7rIZviUmN+EgEM=
